{
  "requires": true,
  "lockfileVersion": 1,
  "dependencies": {
    "lbbeprabi": {
      "version": "0.0.2",
      "resolved": "https://registry.npmjs.org/lbbeprabi/-/lbbeprabi-0.0.2.tgz",
      "integrity": "sha512-hH6q1jIWwqE6DM14bUhIenVGVmukm/Lpfd4nrEhJc/+GjN+KXFFEKN1ysIuX1b7KSzNqzlymWUOek3Tb65bYWg=="
    }
  }
}
